// !$*UTF8*$!
{
	archiveVersion = 1;
	classes = {
	};
	objectVersion = 51;
	objects = {

/* Begin PBXBuildFile section */
		2A94EBD1FA3F0A88D9983C38 /* Pods_KantoTestTests.framework in Frameworks */ = {isa = PBXBuildFile; fileRef = 34A013FD8484E807A1DEA97E /* Pods_KantoTestTests.framework */; };
		6B9C9BAD3D50DD076280EDA7 /* Pods_KantoTest_KantoTestUITests.framework in Frameworks */ = {isa = PBXBuildFile; fileRef = 75684919C49A794C2D276E2B /* Pods_KantoTest_KantoTestUITests.framework */; };
		8E25147624F970D300584AEF /* PrincipalRepository.swift in Sources */ = {isa = PBXBuildFile; fileRef = 8E25147524F970D300584AEF /* PrincipalRepository.swift */; };
		8E25147824F970E500584AEF /* PrincipalRepositoryProtocol.swift in Sources */ = {isa = PBXBuildFile; fileRef = 8E25147724F970E500584AEF /* PrincipalRepositoryProtocol.swift */; };
		8E25147B24F9727A00584AEF /* UserDefaultsHandler.swift in Sources */ = {isa = PBXBuildFile; fileRef = 8E25147A24F9727A00584AEF /* UserDefaultsHandler.swift */; };
		8E25147D24F9729300584AEF /* UserDefaultsHandlerProtocol.swift in Sources */ = {isa = PBXBuildFile; fileRef = 8E25147C24F9729300584AEF /* UserDefaultsHandlerProtocol.swift */; };
		8E25147F24F972F800584AEF /* Constants.swift in Sources */ = {isa = PBXBuildFile; fileRef = 8E25147E24F972F800584AEF /* Constants.swift */; };
		8E25148224F98F5A00584AEF /* EditProfileViewController.swift in Sources */ = {isa = PBXBuildFile; fileRef = 8E25148024F98F5A00584AEF /* EditProfileViewController.swift */; };
		8E25148324F98F5A00584AEF /* EditProfileViewController.xib in Resources */ = {isa = PBXBuildFile; fileRef = 8E25148124F98F5A00584AEF /* EditProfileViewController.xib */; };
		8E4002C024F60DAC00AB7BD5 /* SplashViewController.swift in Sources */ = {isa = PBXBuildFile; fileRef = 8E4002BE24F60DAC00AB7BD5 /* SplashViewController.swift */; };
		8E4002C124F60DAC00AB7BD5 /* SplashViewController.xib in Resources */ = {isa = PBXBuildFile; fileRef = 8E4002BF24F60DAC00AB7BD5 /* SplashViewController.xib */; };
		8E4002C524F60ECF00AB7BD5 /* MainTabBarController.swift in Sources */ = {isa = PBXBuildFile; fileRef = 8E4002C324F60ECF00AB7BD5 /* MainTabBarController.swift */; };
		8E4002C624F60ECF00AB7BD5 /* MainTabBarController.xib in Resources */ = {isa = PBXBuildFile; fileRef = 8E4002C424F60ECF00AB7BD5 /* MainTabBarController.xib */; };
		8E4002C924F60F5900AB7BD5 /* Router.swift in Sources */ = {isa = PBXBuildFile; fileRef = 8E4002C824F60F5900AB7BD5 /* Router.swift */; };
		8E4002CC24F60FBB00AB7BD5 /* UIViewControllerExtension.swift in Sources */ = {isa = PBXBuildFile; fileRef = 8E4002CB24F60FBB00AB7BD5 /* UIViewControllerExtension.swift */; };
		8E4002CE24F618C900AB7BD5 /* SplashPresenterProtocol.swift in Sources */ = {isa = PBXBuildFile; fileRef = 8E4002CD24F618C900AB7BD5 /* SplashPresenterProtocol.swift */; };
		8E4002D024F618D400AB7BD5 /* SplashPresenter.swift in Sources */ = {isa = PBXBuildFile; fileRef = 8E4002CF24F618D400AB7BD5 /* SplashPresenter.swift */; };
		8E4002D224F618E300AB7BD5 /* SplashViewControllerProtocol.swift in Sources */ = {isa = PBXBuildFile; fileRef = 8E4002D124F618E300AB7BD5 /* SplashViewControllerProtocol.swift */; };
		8E4002D424F62CFB00AB7BD5 /* UIColorExtension.swift in Sources */ = {isa = PBXBuildFile; fileRef = 8E4002D324F62CFB00AB7BD5 /* UIColorExtension.swift */; };
		8E4002D624F62D4600AB7BD5 /* StringExtension.swift in Sources */ = {isa = PBXBuildFile; fileRef = 8E4002D524F62D4600AB7BD5 /* StringExtension.swift */; };
		8E4002D824F63E3D00AB7BD5 /* MainPresenterProtocol.swift in Sources */ = {isa = PBXBuildFile; fileRef = 8E4002D724F63E3D00AB7BD5 /* MainPresenterProtocol.swift */; };
		8E4002DA24F63E6C00AB7BD5 /* MainPresenter.swift in Sources */ = {isa = PBXBuildFile; fileRef = 8E4002D924F63E6C00AB7BD5 /* MainPresenter.swift */; };
		8E730A9524F6CC6A0051B88D /* MainTabBarControllerProtocol.swift in Sources */ = {isa = PBXBuildFile; fileRef = 8E730A9424F6CC6A0051B88D /* MainTabBarControllerProtocol.swift */; };
		8E730A9824F6D5130051B88D /* ShowProfileTableViewController.swift in Sources */ = {isa = PBXBuildFile; fileRef = 8E730A9624F6D5130051B88D /* ShowProfileTableViewController.swift */; };
		8E730A9924F6D5130051B88D /* ShowProfileTableViewController.xib in Resources */ = {isa = PBXBuildFile; fileRef = 8E730A9724F6D5130051B88D /* ShowProfileTableViewController.xib */; };
		8E730A9B24F6D6B10051B88D /* UIViewExtension.swift in Sources */ = {isa = PBXBuildFile; fileRef = 8E730A9A24F6D6B10051B88D /* UIViewExtension.swift */; };
		8E730AA424F6D95B0051B88D /* ShowProfileRecordingTableViewCell.swift in Sources */ = {isa = PBXBuildFile; fileRef = 8E730AA224F6D95B0051B88D /* ShowProfileRecordingTableViewCell.swift */; };
		8E730AA524F6D95B0051B88D /* ShowProfileRecordingTableViewCell.xib in Resources */ = {isa = PBXBuildFile; fileRef = 8E730AA324F6D95B0051B88D /* ShowProfileRecordingTableViewCell.xib */; };
		8E730AA824F6EB780051B88D /* User.swift in Sources */ = {isa = PBXBuildFile; fileRef = 8E730AA724F6EB780051B88D /* User.swift */; };
		8E730AAA24F6EBE10051B88D /* Recording.swift in Sources */ = {isa = PBXBuildFile; fileRef = 8E730AA924F6EBE10051B88D /* Recording.swift */; };
		8E730AAC24F6FB410051B88D /* UIImageViewExtension.swift in Sources */ = {isa = PBXBuildFile; fileRef = 8E730AAB24F6FB410051B88D /* UIImageViewExtension.swift */; };
		8E730AAE24F6FE800051B88D /* ShowProfilePresenterProtocol.swift in Sources */ = {isa = PBXBuildFile; fileRef = 8E730AAD24F6FE800051B88D /* ShowProfilePresenterProtocol.swift */; };
		8E730AB024F6FE9F0051B88D /* ShowProfilePresenter.swift in Sources */ = {isa = PBXBuildFile; fileRef = 8E730AAF24F6FE9F0051B88D /* ShowProfilePresenter.swift */; };
		8E730AB224F6FEB00051B88D /* ShowProfileTableViewControllerProtocol.swift in Sources */ = {isa = PBXBuildFile; fileRef = 8E730AB124F6FEB00051B88D /* ShowProfileTableViewControllerProtocol.swift */; };
		8E7D5EE924F996F700BA1812 /* EditProfilePresenterProtocol.swift in Sources */ = {isa = PBXBuildFile; fileRef = 8E7D5EE824F996F700BA1812 /* EditProfilePresenterProtocol.swift */; };
		8E7D5EEB24F9970200BA1812 /* EditProfilePresenter.swift in Sources */ = {isa = PBXBuildFile; fileRef = 8E7D5EEA24F9970200BA1812 /* EditProfilePresenter.swift */; };
		8E7D5EED24F9970E00BA1812 /* EditProfileViewControllerProtocol.swift in Sources */ = {isa = PBXBuildFile; fileRef = 8E7D5EEC24F9970E00BA1812 /* EditProfileViewControllerProtocol.swift */; };
		8E7D5EEF24F9A53900BA1812 /* UIImagePickerControllerExtension.swift in Sources */ = {isa = PBXBuildFile; fileRef = 8E7D5EEE24F9A53900BA1812 /* UIImagePickerControllerExtension.swift */; };
		8E8C4EF024F5EDB70043F36F /* AppDelegate.swift in Sources */ = {isa = PBXBuildFile; fileRef = 8E8C4EEF24F5EDB70043F36F /* AppDelegate.swift */; };
		8E8C4EFA24F5EDB70043F36F /* KantoTest.xcdatamodeld in Sources */ = {isa = PBXBuildFile; fileRef = 8E8C4EF824F5EDB70043F36F /* KantoTest.xcdatamodeld */; };
		8E8C4EFC24F5EDBD0043F36F /* Assets.xcassets in Resources */ = {isa = PBXBuildFile; fileRef = 8E8C4EFB24F5EDBD0043F36F /* Assets.xcassets */; };
		8E8C4EFF24F5EDBD0043F36F /* LaunchScreen.storyboard in Resources */ = {isa = PBXBuildFile; fileRef = 8E8C4EFD24F5EDBD0043F36F /* LaunchScreen.storyboard */; };
		8E8C4F0A24F5EDBD0043F36F /* KantoTestTests.swift in Sources */ = {isa = PBXBuildFile; fileRef = 8E8C4F0924F5EDBD0043F36F /* KantoTestTests.swift */; };
		8E8C4F1524F5EDBD0043F36F /* KantoTestUITests.swift in Sources */ = {isa = PBXBuildFile; fileRef = 8E8C4F1424F5EDBD0043F36F /* KantoTestUITests.swift */; };
		8EB6DB1124F73154008ADC2D /* ShowProfileHeaderView.swift in Sources */ = {isa = PBXBuildFile; fileRef = 8EB6DB1024F73154008ADC2D /* ShowProfileHeaderView.swift */; };
		8EB6DB1324F73163008ADC2D /* ShowProfileHeaderView.xib in Resources */ = {isa = PBXBuildFile; fileRef = 8EB6DB1224F73163008ADC2D /* ShowProfileHeaderView.xib */; };
		A644AFEB017CA77E65571C4D /* Pods_KantoTest.framework in Frameworks */ = {isa = PBXBuildFile; fileRef = 8A630B548CBC7DB427FFFFE1 /* Pods_KantoTest.framework */; };
/* End PBXBuildFile section */

/* Begin PBXContainerItemProxy section */
		8E8C4F0624F5EDBD0043F36F /* PBXContainerItemProxy */ = {
			isa = PBXContainerItemProxy;
			containerPortal = 8E8C4EE424F5EDB70043F36F /* Project object */;
			proxyType = 1;
			remoteGlobalIDString = 8E8C4EEB24F5EDB70043F36F;
			remoteInfo = KantoTest;
		};
		8E8C4F1124F5EDBD0043F36F /* PBXContainerItemProxy */ = {
			isa = PBXContainerItemProxy;
			containerPortal = 8E8C4EE424F5EDB70043F36F /* Project object */;
			proxyType = 1;
			remoteGlobalIDString = 8E8C4EEB24F5EDB70043F36F;
			remoteInfo = KantoTest;
		};
/* End PBXContainerItemProxy section */

/* Begin PBXFileReference section */
		34A013FD8484E807A1DEA97E /* Pods_KantoTestTests.framework */ = {isa = PBXFileReference; explicitFileType = wrapper.framework; includeInIndex = 0; path = Pods_KantoTestTests.framework; sourceTree = BUILT_PRODUCTS_DIR; };
		6AC7617562628A1422950648 /* Pods-KantoTest.release.xcconfig */ = {isa = PBXFileReference; includeInIndex = 1; lastKnownFileType = text.xcconfig; name = "Pods-KantoTest.release.xcconfig"; path = "Target Support Files/Pods-KantoTest/Pods-KantoTest.release.xcconfig"; sourceTree = "<group>"; };
		75684919C49A794C2D276E2B /* Pods_KantoTest_KantoTestUITests.framework */ = {isa = PBXFileReference; explicitFileType = wrapper.framework; includeInIndex = 0; path = Pods_KantoTest_KantoTestUITests.framework; sourceTree = BUILT_PRODUCTS_DIR; };
		8A630B548CBC7DB427FFFFE1 /* Pods_KantoTest.framework */ = {isa = PBXFileReference; explicitFileType = wrapper.framework; includeInIndex = 0; path = Pods_KantoTest.framework; sourceTree = BUILT_PRODUCTS_DIR; };
		8E25147524F970D300584AEF /* PrincipalRepository.swift */ = {isa = PBXFileReference; lastKnownFileType = sourcecode.swift; path = PrincipalRepository.swift; sourceTree = "<group>"; };
		8E25147724F970E500584AEF /* PrincipalRepositoryProtocol.swift */ = {isa = PBXFileReference; lastKnownFileType = sourcecode.swift; path = PrincipalRepositoryProtocol.swift; sourceTree = "<group>"; };
		8E25147A24F9727A00584AEF /* UserDefaultsHandler.swift */ = {isa = PBXFileReference; lastKnownFileType = sourcecode.swift; path = UserDefaultsHandler.swift; sourceTree = "<group>"; };
		8E25147C24F9729300584AEF /* UserDefaultsHandlerProtocol.swift */ = {isa = PBXFileReference; lastKnownFileType = sourcecode.swift; path = UserDefaultsHandlerProtocol.swift; sourceTree = "<group>"; };
		8E25147E24F972F800584AEF /* Constants.swift */ = {isa = PBXFileReference; lastKnownFileType = sourcecode.swift; path = Constants.swift; sourceTree = "<group>"; };
		8E25148024F98F5A00584AEF /* EditProfileViewController.swift */ = {isa = PBXFileReference; lastKnownFileType = sourcecode.swift; path = EditProfileViewController.swift; sourceTree = "<group>"; };
		8E25148124F98F5A00584AEF /* EditProfileViewController.xib */ = {isa = PBXFileReference; lastKnownFileType = file.xib; path = EditProfileViewController.xib; sourceTree = "<group>"; };
		8E4002BE24F60DAC00AB7BD5 /* SplashViewController.swift */ = {isa = PBXFileReference; lastKnownFileType = sourcecode.swift; path = SplashViewController.swift; sourceTree = "<group>"; };
		8E4002BF24F60DAC00AB7BD5 /* SplashViewController.xib */ = {isa = PBXFileReference; lastKnownFileType = file.xib; path = SplashViewController.xib; sourceTree = "<group>"; };
		8E4002C324F60ECF00AB7BD5 /* MainTabBarController.swift */ = {isa = PBXFileReference; lastKnownFileType = sourcecode.swift; path = MainTabBarController.swift; sourceTree = "<group>"; };
		8E4002C424F60ECF00AB7BD5 /* MainTabBarController.xib */ = {isa = PBXFileReference; lastKnownFileType = file.xib; path = MainTabBarController.xib; sourceTree = "<group>"; };
		8E4002C824F60F5900AB7BD5 /* Router.swift */ = {isa = PBXFileReference; lastKnownFileType = sourcecode.swift; path = Router.swift; sourceTree = "<group>"; };
		8E4002CB24F60FBB00AB7BD5 /* UIViewControllerExtension.swift */ = {isa = PBXFileReference; lastKnownFileType = sourcecode.swift; path = UIViewControllerExtension.swift; sourceTree = "<group>"; };
		8E4002CD24F618C900AB7BD5 /* SplashPresenterProtocol.swift */ = {isa = PBXFileReference; lastKnownFileType = sourcecode.swift; path = SplashPresenterProtocol.swift; sourceTree = "<group>"; };
		8E4002CF24F618D400AB7BD5 /* SplashPresenter.swift */ = {isa = PBXFileReference; lastKnownFileType = sourcecode.swift; path = SplashPresenter.swift; sourceTree = "<group>"; };
		8E4002D124F618E300AB7BD5 /* SplashViewControllerProtocol.swift */ = {isa = PBXFileReference; lastKnownFileType = sourcecode.swift; path = SplashViewControllerProtocol.swift; sourceTree = "<group>"; };
		8E4002D324F62CFB00AB7BD5 /* UIColorExtension.swift */ = {isa = PBXFileReference; lastKnownFileType = sourcecode.swift; path = UIColorExtension.swift; sourceTree = "<group>"; };
		8E4002D524F62D4600AB7BD5 /* StringExtension.swift */ = {isa = PBXFileReference; lastKnownFileType = sourcecode.swift; path = StringExtension.swift; sourceTree = "<group>"; };
		8E4002D724F63E3D00AB7BD5 /* MainPresenterProtocol.swift */ = {isa = PBXFileReference; lastKnownFileType = sourcecode.swift; path = MainPresenterProtocol.swift; sourceTree = "<group>"; };
		8E4002D924F63E6C00AB7BD5 /* MainPresenter.swift */ = {isa = PBXFileReference; lastKnownFileType = sourcecode.swift; path = MainPresenter.swift; sourceTree = "<group>"; };
		8E5FCE644BF3CF622E8C2DC3 /* Pods-KantoTestTests.debug.xcconfig */ = {isa = PBXFileReference; includeInIndex = 1; lastKnownFileType = text.xcconfig; name = "Pods-KantoTestTests.debug.xcconfig"; path = "Target Support Files/Pods-KantoTestTests/Pods-KantoTestTests.debug.xcconfig"; sourceTree = "<group>"; };
		8E730A9424F6CC6A0051B88D /* MainTabBarControllerProtocol.swift */ = {isa = PBXFileReference; lastKnownFileType = sourcecode.swift; path = MainTabBarControllerProtocol.swift; sourceTree = "<group>"; };
		8E730A9624F6D5130051B88D /* ShowProfileTableViewController.swift */ = {isa = PBXFileReference; lastKnownFileType = sourcecode.swift; path = ShowProfileTableViewController.swift; sourceTree = "<group>"; };
		8E730A9724F6D5130051B88D /* ShowProfileTableViewController.xib */ = {isa = PBXFileReference; lastKnownFileType = file.xib; path = ShowProfileTableViewController.xib; sourceTree = "<group>"; };
		8E730A9A24F6D6B10051B88D /* UIViewExtension.swift */ = {isa = PBXFileReference; lastKnownFileType = sourcecode.swift; path = UIViewExtension.swift; sourceTree = "<group>"; };
		8E730AA224F6D95B0051B88D /* ShowProfileRecordingTableViewCell.swift */ = {isa = PBXFileReference; lastKnownFileType = sourcecode.swift; path = ShowProfileRecordingTableViewCell.swift; sourceTree = "<group>"; };
		8E730AA324F6D95B0051B88D /* ShowProfileRecordingTableViewCell.xib */ = {isa = PBXFileReference; lastKnownFileType = file.xib; path = ShowProfileRecordingTableViewCell.xib; sourceTree = "<group>"; };
		8E730AA724F6EB780051B88D /* User.swift */ = {isa = PBXFileReference; lastKnownFileType = sourcecode.swift; path = User.swift; sourceTree = "<group>"; };
		8E730AA924F6EBE10051B88D /* Recording.swift */ = {isa = PBXFileReference; lastKnownFileType = sourcecode.swift; path = Recording.swift; sourceTree = "<group>"; };
		8E730AAB24F6FB410051B88D /* UIImageViewExtension.swift */ = {isa = PBXFileReference; lastKnownFileType = sourcecode.swift; path = UIImageViewExtension.swift; sourceTree = "<group>"; };
		8E730AAD24F6FE800051B88D /* ShowProfilePresenterProtocol.swift */ = {isa = PBXFileReference; lastKnownFileType = sourcecode.swift; path = ShowProfilePresenterProtocol.swift; sourceTree = "<group>"; };
		8E730AAF24F6FE9F0051B88D /* ShowProfilePresenter.swift */ = {isa = PBXFileReference; lastKnownFileType = sourcecode.swift; path = ShowProfilePresenter.swift; sourceTree = "<group>"; };
		8E730AB124F6FEB00051B88D /* ShowProfileTableViewControllerProtocol.swift */ = {isa = PBXFileReference; lastKnownFileType = sourcecode.swift; path = ShowProfileTableViewControllerProtocol.swift; sourceTree = "<group>"; };
		8E7D5EE824F996F700BA1812 /* EditProfilePresenterProtocol.swift */ = {isa = PBXFileReference; lastKnownFileType = sourcecode.swift; path = EditProfilePresenterProtocol.swift; sourceTree = "<group>"; };
		8E7D5EEA24F9970200BA1812 /* EditProfilePresenter.swift */ = {isa = PBXFileReference; lastKnownFileType = sourcecode.swift; path = EditProfilePresenter.swift; sourceTree = "<group>"; };
		8E7D5EEC24F9970E00BA1812 /* EditProfileViewControllerProtocol.swift */ = {isa = PBXFileReference; lastKnownFileType = sourcecode.swift; path = EditProfileViewControllerProtocol.swift; sourceTree = "<group>"; };
		8E7D5EEE24F9A53900BA1812 /* UIImagePickerControllerExtension.swift */ = {isa = PBXFileReference; lastKnownFileType = sourcecode.swift; path = UIImagePickerControllerExtension.swift; sourceTree = "<group>"; };
		8E8C4EEC24F5EDB70043F36F /* KantoTest.app */ = {isa = PBXFileReference; explicitFileType = wrapper.application; includeInIndex = 0; path = KantoTest.app; sourceTree = BUILT_PRODUCTS_DIR; };
		8E8C4EEF24F5EDB70043F36F /* AppDelegate.swift */ = {isa = PBXFileReference; lastKnownFileType = sourcecode.swift; path = AppDelegate.swift; sourceTree = "<group>"; };
		8E8C4EF924F5EDB70043F36F /* KantoTest.xcdatamodel */ = {isa = PBXFileReference; lastKnownFileType = wrapper.xcdatamodel; path = KantoTest.xcdatamodel; sourceTree = "<group>"; };
		8E8C4EFB24F5EDBD0043F36F /* Assets.xcassets */ = {isa = PBXFileReference; lastKnownFileType = folder.assetcatalog; path = Assets.xcassets; sourceTree = "<group>"; };
		8E8C4EFE24F5EDBD0043F36F /* Base */ = {isa = PBXFileReference; lastKnownFileType = file.storyboard; name = Base; path = Base.lproj/LaunchScreen.storyboard; sourceTree = "<group>"; };
		8E8C4F0024F5EDBD0043F36F /* Info.plist */ = {isa = PBXFileReference; lastKnownFileType = text.plist.xml; path = Info.plist; sourceTree = "<group>"; };
		8E8C4F0524F5EDBD0043F36F /* KantoTestTests.xctest */ = {isa = PBXFileReference; explicitFileType = wrapper.cfbundle; includeInIndex = 0; path = KantoTestTests.xctest; sourceTree = BUILT_PRODUCTS_DIR; };
		8E8C4F0924F5EDBD0043F36F /* KantoTestTests.swift */ = {isa = PBXFileReference; lastKnownFileType = sourcecode.swift; path = KantoTestTests.swift; sourceTree = "<group>"; };
		8E8C4F0B24F5EDBD0043F36F /* Info.plist */ = {isa = PBXFileReference; lastKnownFileType = text.plist.xml; path = Info.plist; sourceTree = "<group>"; };
		8E8C4F1024F5EDBD0043F36F /* KantoTestUITests.xctest */ = {isa = PBXFileReference; explicitFileType = wrapper.cfbundle; includeInIndex = 0; path = KantoTestUITests.xctest; sourceTree = BUILT_PRODUCTS_DIR; };
		8E8C4F1424F5EDBD0043F36F /* KantoTestUITests.swift */ = {isa = PBXFileReference; lastKnownFileType = sourcecode.swift; path = KantoTestUITests.swift; sourceTree = "<group>"; };
		8E8C4F1624F5EDBD0043F36F /* Info.plist */ = {isa = PBXFileReference; lastKnownFileType = text.plist.xml; path = Info.plist; sourceTree = "<group>"; };
		8EB6DB1024F73154008ADC2D /* ShowProfileHeaderView.swift */ = {isa = PBXFileReference; lastKnownFileType = sourcecode.swift; path = ShowProfileHeaderView.swift; sourceTree = "<group>"; };
		8EB6DB1224F73163008ADC2D /* ShowProfileHeaderView.xib */ = {isa = PBXFileReference; lastKnownFileType = file.xib; path = ShowProfileHeaderView.xib; sourceTree = "<group>"; };
		A901AEB19153403C85525122 /* Pods-KantoTest-KantoTestUITests.release.xcconfig */ = {isa = PBXFileReference; includeInIndex = 1; lastKnownFileType = text.xcconfig; name = "Pods-KantoTest-KantoTestUITests.release.xcconfig"; path = "Target Support Files/Pods-KantoTest-KantoTestUITests/Pods-KantoTest-KantoTestUITests.release.xcconfig"; sourceTree = "<group>"; };
		B78C4F59C1C3FE37AF5D631F /* Pods-KantoTest.debug.xcconfig */ = {isa = PBXFileReference; includeInIndex = 1; lastKnownFileType = text.xcconfig; name = "Pods-KantoTest.debug.xcconfig"; path = "Target Support Files/Pods-KantoTest/Pods-KantoTest.debug.xcconfig"; sourceTree = "<group>"; };
		C59B9FEB2A25933D87B433E7 /* Pods-KantoTest-KantoTestUITests.debug.xcconfig */ = {isa = PBXFileReference; includeInIndex = 1; lastKnownFileType = text.xcconfig; name = "Pods-KantoTest-KantoTestUITests.debug.xcconfig"; path = "Target Support Files/Pods-KantoTest-KantoTestUITests/Pods-KantoTest-KantoTestUITests.debug.xcconfig"; sourceTree = "<group>"; };
		EDAC748C30F04E2F5D14ABD4 /* Pods-KantoTestTests.release.xcconfig */ = {isa = PBXFileReference; includeInIndex = 1; lastKnownFileType = text.xcconfig; name = "Pods-KantoTestTests.release.xcconfig"; path = "Target Support Files/Pods-KantoTestTests/Pods-KantoTestTests.release.xcconfig"; sourceTree = "<group>"; };
/* End PBXFileReference section */

/* Begin PBXFrameworksBuildPhase section */
		8E8C4EE924F5EDB70043F36F /* Frameworks */ = {
			isa = PBXFrameworksBuildPhase;
			buildActionMask = 2147483647;
			files = (
				A644AFEB017CA77E65571C4D /* Pods_KantoTest.framework in Frameworks */,
			);
			runOnlyForDeploymentPostprocessing = 0;
		};
		8E8C4F0224F5EDBD0043F36F /* Frameworks */ = {
			isa = PBXFrameworksBuildPhase;
			buildActionMask = 2147483647;
			files = (
				2A94EBD1FA3F0A88D9983C38 /* Pods_KantoTestTests.framework in Frameworks */,
			);
			runOnlyForDeploymentPostprocessing = 0;
		};
		8E8C4F0D24F5EDBD0043F36F /* Frameworks */ = {
			isa = PBXFrameworksBuildPhase;
			buildActionMask = 2147483647;
			files = (
				6B9C9BAD3D50DD076280EDA7 /* Pods_KantoTest_KantoTestUITests.framework in Frameworks */,
			);
			runOnlyForDeploymentPostprocessing = 0;
		};
/* End PBXFrameworksBuildPhase section */

/* Begin PBXGroup section */
		8E25147424F970BF00584AEF /* Repositories */ = {
			isa = PBXGroup;
			children = (
				8E25147524F970D300584AEF /* PrincipalRepository.swift */,
				8E25147724F970E500584AEF /* PrincipalRepositoryProtocol.swift */,
			);
			path = Repositories;
			sourceTree = "<group>";
		};
		8E25147924F9725A00584AEF /* Utils */ = {
			isa = PBXGroup;
			children = (
				8E25147E24F972F800584AEF /* Constants.swift */,
				8E25147A24F9727A00584AEF /* UserDefaultsHandler.swift */,
				8E25147C24F9729300584AEF /* UserDefaultsHandlerProtocol.swift */,
			);
			path = Utils;
			sourceTree = "<group>";
		};
		8E4002B824F6055E00AB7BD5 /* Main */ = {
			isa = PBXGroup;
			children = (
				8E8C4EEF24F5EDB70043F36F /* AppDelegate.swift */,
				8E8C4EFB24F5EDBD0043F36F /* Assets.xcassets */,
				8E8C4F0024F5EDBD0043F36F /* Info.plist */,
				8E8C4EF824F5EDB70043F36F /* KantoTest.xcdatamodeld */,
				8E8C4EFD24F5EDBD0043F36F /* LaunchScreen.storyboard */,
			);
			path = Main;
			sourceTree = "<group>";
		};
		8E4002B924F6067C00AB7BD5 /* Scenes */ = {
			isa = PBXGroup;
			children = (
				8E4002C224F60EB600AB7BD5 /* Main */,
				8E4002BB24F6076600AB7BD5 /* Profile */,
				8E4002BA24F6075E00AB7BD5 /* Splash */,
			);
			path = Scenes;
			sourceTree = "<group>";
		};
		8E4002BA24F6075E00AB7BD5 /* Splash */ = {
			isa = PBXGroup;
			children = (
				8E4002CF24F618D400AB7BD5 /* SplashPresenter.swift */,
				8E4002CD24F618C900AB7BD5 /* SplashPresenterProtocol.swift */,
				8E4002BE24F60DAC00AB7BD5 /* SplashViewController.swift */,
				8E4002BF24F60DAC00AB7BD5 /* SplashViewController.xib */,
				8E4002D124F618E300AB7BD5 /* SplashViewControllerProtocol.swift */,
			);
			path = Splash;
			sourceTree = "<group>";
		};
		8E4002BB24F6076600AB7BD5 /* Profile */ = {
			isa = PBXGroup;
			children = (
				8E4002BC24F6079100AB7BD5 /* EditProfile */,
				8E4002BD24F6079A00AB7BD5 /* ShowProfile */,
			);
			path = Profile;
			sourceTree = "<group>";
		};
		8E4002BC24F6079100AB7BD5 /* EditProfile */ = {
			isa = PBXGroup;
			children = (
				8E7D5EEA24F9970200BA1812 /* EditProfilePresenter.swift */,
				8E7D5EE824F996F700BA1812 /* EditProfilePresenterProtocol.swift */,
				8E25148024F98F5A00584AEF /* EditProfileViewController.swift */,
				8E25148124F98F5A00584AEF /* EditProfileViewController.xib */,
				8E7D5EEC24F9970E00BA1812 /* EditProfileViewControllerProtocol.swift */,
			);
			path = EditProfile;
			sourceTree = "<group>";
		};
		8E4002BD24F6079A00AB7BD5 /* ShowProfile */ = {
			isa = PBXGroup;
			children = (
				8E730A9D24F6D8E30051B88D /* Cells */,
				8E730AAF24F6FE9F0051B88D /* ShowProfilePresenter.swift */,
				8E730AAD24F6FE800051B88D /* ShowProfilePresenterProtocol.swift */,
				8E730A9624F6D5130051B88D /* ShowProfileTableViewController.swift */,
				8E730A9724F6D5130051B88D /* ShowProfileTableViewController.xib */,
				8E730AB124F6FEB00051B88D /* ShowProfileTableViewControllerProtocol.swift */,
			);
			path = ShowProfile;
			sourceTree = "<group>";
		};
		8E4002C224F60EB600AB7BD5 /* Main */ = {
			isa = PBXGroup;
			children = (
				8E4002D924F63E6C00AB7BD5 /* MainPresenter.swift */,
				8E4002D724F63E3D00AB7BD5 /* MainPresenterProtocol.swift */,
				8E4002C324F60ECF00AB7BD5 /* MainTabBarController.swift */,
				8E4002C424F60ECF00AB7BD5 /* MainTabBarController.xib */,
				8E730A9424F6CC6A0051B88D /* MainTabBarControllerProtocol.swift */,
			);
			path = Main;
			sourceTree = "<group>";
		};
		8E4002C724F60F3500AB7BD5 /* Routers */ = {
			isa = PBXGroup;
			children = (
				8E4002C824F60F5900AB7BD5 /* Router.swift */,
			);
			path = Routers;
			sourceTree = "<group>";
		};
		8E4002CA24F60FA700AB7BD5 /* Extensions */ = {
			isa = PBXGroup;
			children = (
				8E4002D524F62D4600AB7BD5 /* StringExtension.swift */,
				8E4002D324F62CFB00AB7BD5 /* UIColorExtension.swift */,
				8E7D5EEE24F9A53900BA1812 /* UIImagePickerControllerExtension.swift */,
				8E730AAB24F6FB410051B88D /* UIImageViewExtension.swift */,
				8E4002CB24F60FBB00AB7BD5 /* UIViewControllerExtension.swift */,
				8E730A9A24F6D6B10051B88D /* UIViewExtension.swift */,
			);
			path = Extensions;
			sourceTree = "<group>";
		};
		8E730A9D24F6D8E30051B88D /* Cells */ = {
			isa = PBXGroup;
			children = (
				8EB6DB1024F73154008ADC2D /* ShowProfileHeaderView.swift */,
				8EB6DB1224F73163008ADC2D /* ShowProfileHeaderView.xib */,
				8E730AA224F6D95B0051B88D /* ShowProfileRecordingTableViewCell.swift */,
				8E730AA324F6D95B0051B88D /* ShowProfileRecordingTableViewCell.xib */,
			);
			path = Cells;
			sourceTree = "<group>";
		};
		8E730AA624F6EB6A0051B88D /* Models */ = {
			isa = PBXGroup;
			children = (
				8E730AA724F6EB780051B88D /* User.swift */,
				8E730AA924F6EBE10051B88D /* Recording.swift */,
			);
			path = Models;
			sourceTree = "<group>";
		};
		8E8C4EE324F5EDB70043F36F = {
			isa = PBXGroup;
			children = (
				8E8C4EEE24F5EDB70043F36F /* KantoTest */,
				8E8C4F0824F5EDBD0043F36F /* KantoTestTests */,
				8E8C4F1324F5EDBD0043F36F /* KantoTestUITests */,
				8E8C4EED24F5EDB70043F36F /* Products */,
				EBF91A53743F9AFEF33932E3 /* Pods */,
				E254263ED88B4CA90763D08F /* Frameworks */,
			);
			sourceTree = "<group>";
		};
		8E8C4EED24F5EDB70043F36F /* Products */ = {
			isa = PBXGroup;
			children = (
				8E8C4EEC24F5EDB70043F36F /* KantoTest.app */,
				8E8C4F0524F5EDBD0043F36F /* KantoTestTests.xctest */,
				8E8C4F1024F5EDBD0043F36F /* KantoTestUITests.xctest */,
			);
			name = Products;
			sourceTree = "<group>";
		};
		8E8C4EEE24F5EDB70043F36F /* KantoTest */ = {
			isa = PBXGroup;
			children = (
				8E4002CA24F60FA700AB7BD5 /* Extensions */,
				8E4002B824F6055E00AB7BD5 /* Main */,
				8E730AA624F6EB6A0051B88D /* Models */,
				8E25147424F970BF00584AEF /* Repositories */,
				8E4002C724F60F3500AB7BD5 /* Routers */,
				8E4002B924F6067C00AB7BD5 /* Scenes */,
				8E25147924F9725A00584AEF /* Utils */,
			);
			path = KantoTest;
			sourceTree = "<group>";
		};
		8E8C4F0824F5EDBD0043F36F /* KantoTestTests */ = {
			isa = PBXGroup;
			children = (
				8E8C4F0924F5EDBD0043F36F /* KantoTestTests.swift */,
				8E8C4F0B24F5EDBD0043F36F /* Info.plist */,
			);
			path = KantoTestTests;
			sourceTree = "<group>";
		};
		8E8C4F1324F5EDBD0043F36F /* KantoTestUITests */ = {
			isa = PBXGroup;
			children = (
				8E8C4F1424F5EDBD0043F36F /* KantoTestUITests.swift */,
				8E8C4F1624F5EDBD0043F36F /* Info.plist */,
			);
			path = KantoTestUITests;
			sourceTree = "<group>";
		};
		E254263ED88B4CA90763D08F /* Frameworks */ = {
			isa = PBXGroup;
			children = (
				8A630B548CBC7DB427FFFFE1 /* Pods_KantoTest.framework */,
				75684919C49A794C2D276E2B /* Pods_KantoTest_KantoTestUITests.framework */,
				34A013FD8484E807A1DEA97E /* Pods_KantoTestTests.framework */,
			);
			name = Frameworks;
			sourceTree = "<group>";
		};
		EBF91A53743F9AFEF33932E3 /* Pods */ = {
			isa = PBXGroup;
			children = (
				B78C4F59C1C3FE37AF5D631F /* Pods-KantoTest.debug.xcconfig */,
				6AC7617562628A1422950648 /* Pods-KantoTest.release.xcconfig */,
				C59B9FEB2A25933D87B433E7 /* Pods-KantoTest-KantoTestUITests.debug.xcconfig */,
				A901AEB19153403C85525122 /* Pods-KantoTest-KantoTestUITests.release.xcconfig */,
				8E5FCE644BF3CF622E8C2DC3 /* Pods-KantoTestTests.debug.xcconfig */,
				EDAC748C30F04E2F5D14ABD4 /* Pods-KantoTestTests.release.xcconfig */,
			);
			path = Pods;
			sourceTree = "<group>";
		};
/* End PBXGroup section */

/* Begin PBXNativeTarget section */
		8E8C4EEB24F5EDB70043F36F /* KantoTest */ = {
			isa = PBXNativeTarget;
			buildConfigurationList = 8E8C4F1924F5EDBD0043F36F /* Build configuration list for PBXNativeTarget "KantoTest" */;
			buildPhases = (
				8DAF026EE32508C6FCAFC306 /* [CP] Check Pods Manifest.lock */,
				8E8C4EE824F5EDB70043F36F /* Sources */,
				8E8C4EE924F5EDB70043F36F /* Frameworks */,
				8E8C4EEA24F5EDB70043F36F /* Resources */,
				45BA5FA20778F5E687A62E00 /* [CP] Embed Pods Frameworks */,
			);
			buildRules = (
			);
			dependencies = (
			);
			name = KantoTest;
			productName = KantoTest;
			productReference = 8E8C4EEC24F5EDB70043F36F /* KantoTest.app */;
			productType = "com.apple.product-type.application";
		};
		8E8C4F0424F5EDBD0043F36F /* KantoTestTests */ = {
			isa = PBXNativeTarget;
			buildConfigurationList = 8E8C4F1C24F5EDBD0043F36F /* Build configuration list for PBXNativeTarget "KantoTestTests" */;
			buildPhases = (
				A55C2235CFFCEDE9A3AF6AAF /* [CP] Check Pods Manifest.lock */,
				8E8C4F0124F5EDBD0043F36F /* Sources */,
				8E8C4F0224F5EDBD0043F36F /* Frameworks */,
				8E8C4F0324F5EDBD0043F36F /* Resources */,
			);
			buildRules = (
			);
			dependencies = (
				8E8C4F0724F5EDBD0043F36F /* PBXTargetDependency */,
			);
			name = KantoTestTests;
			productName = KantoTestTests;
			productReference = 8E8C4F0524F5EDBD0043F36F /* KantoTestTests.xctest */;
			productType = "com.apple.product-type.bundle.unit-test";
		};
		8E8C4F0F24F5EDBD0043F36F /* KantoTestUITests */ = {
			isa = PBXNativeTarget;
			buildConfigurationList = 8E8C4F1F24F5EDBD0043F36F /* Build configuration list for PBXNativeTarget "KantoTestUITests" */;
			buildPhases = (
				8C8D9E99B6C634B4FA427C62 /* [CP] Check Pods Manifest.lock */,
				8E8C4F0C24F5EDBD0043F36F /* Sources */,
				8E8C4F0D24F5EDBD0043F36F /* Frameworks */,
				8E8C4F0E24F5EDBD0043F36F /* Resources */,
				9716F34AD04CA20FCBE3E6D3 /* [CP] Embed Pods Frameworks */,
			);
			buildRules = (
			);
			dependencies = (
				8E8C4F1224F5EDBD0043F36F /* PBXTargetDependency */,
			);
			name = KantoTestUITests;
			productName = KantoTestUITests;
			productReference = 8E8C4F1024F5EDBD0043F36F /* KantoTestUITests.xctest */;
			productType = "com.apple.product-type.bundle.ui-testing";
		};
/* End PBXNativeTarget section */

/* Begin PBXProject section */
		8E8C4EE424F5EDB70043F36F /* Project object */ = {
			isa = PBXProject;
			attributes = {
				LastSwiftUpdateCheck = 1160;
				LastUpgradeCheck = 1160;
				ORGANIZATIONNAME = Hrool;
				TargetAttributes = {
					8E8C4EEB24F5EDB70043F36F = {
						CreatedOnToolsVersion = 11.6;
					};
					8E8C4F0424F5EDBD0043F36F = {
						CreatedOnToolsVersion = 11.6;
						TestTargetID = 8E8C4EEB24F5EDB70043F36F;
					};
					8E8C4F0F24F5EDBD0043F36F = {
						CreatedOnToolsVersion = 11.6;
						TestTargetID = 8E8C4EEB24F5EDB70043F36F;
					};
				};
			};
			buildConfigurationList = 8E8C4EE724F5EDB70043F36F /* Build configuration list for PBXProject "KantoTest" */;
			compatibilityVersion = "Xcode 9.3";
			developmentRegion = en;
			hasScannedForEncodings = 0;
			knownRegions = (
				en,
				Base,
			);
			mainGroup = 8E8C4EE324F5EDB70043F36F;
			productRefGroup = 8E8C4EED24F5EDB70043F36F /* Products */;
			projectDirPath = "";
			projectRoot = "";
			targets = (
				8E8C4EEB24F5EDB70043F36F /* KantoTest */,
				8E8C4F0424F5EDBD0043F36F /* KantoTestTests */,
				8E8C4F0F24F5EDBD0043F36F /* KantoTestUITests */,
			);
		};
/* End PBXProject section */

/* Begin PBXResourcesBuildPhase section */
		8E8C4EEA24F5EDB70043F36F /* Resources */ = {
			isa = PBXResourcesBuildPhase;
			buildActionMask = 2147483647;
			files = (
				8E8C4EFF24F5EDBD0043F36F /* LaunchScreen.storyboard in Resources */,
				8E730AA524F6D95B0051B88D /* ShowProfileRecordingTableViewCell.xib in Resources */,
				8E4002C124F60DAC00AB7BD5 /* SplashViewController.xib in Resources */,
				8E4002C624F60ECF00AB7BD5 /* MainTabBarController.xib in Resources */,
				8E25148324F98F5A00584AEF /* EditProfileViewController.xib in Resources */,
				8EB6DB1324F73163008ADC2D /* ShowProfileHeaderView.xib in Resources */,
				8E730A9924F6D5130051B88D /* ShowProfileTableViewController.xib in Resources */,
				8E8C4EFC24F5EDBD0043F36F /* Assets.xcassets in Resources */,
			);
			runOnlyForDeploymentPostprocessing = 0;
		};
		8E8C4F0324F5EDBD0043F36F /* Resources */ = {
			isa = PBXResourcesBuildPhase;
			buildActionMask = 2147483647;
			files = (
			);
			runOnlyForDeploymentPostprocessing = 0;
		};
		8E8C4F0E24F5EDBD0043F36F /* Resources */ = {
			isa = PBXResourcesBuildPhase;
			buildActionMask = 2147483647;
			files = (
			);
			runOnlyForDeploymentPostprocessing = 0;
		};
/* End PBXResourcesBuildPhase section */

/* Begin PBXShellScriptBuildPhase section */
		45BA5FA20778F5E687A62E00 /* [CP] Embed Pods Frameworks */ = {
			isa = PBXShellScriptBuildPhase;
			buildActionMask = 2147483647;
			files = (
			);
			inputFileListPaths = (
				"${PODS_ROOT}/Target Support Files/Pods-KantoTest/Pods-KantoTest-frameworks-${CONFIGURATION}-input-files.xcfilelist",
			);
			name = "[CP] Embed Pods Frameworks";
			outputFileListPaths = (
				"${PODS_ROOT}/Target Support Files/Pods-KantoTest/Pods-KantoTest-frameworks-${CONFIGURATION}-output-files.xcfilelist",
			);
			runOnlyForDeploymentPostprocessing = 0;
			shellPath = /bin/sh;
			shellScript = "\"${PODS_ROOT}/Target Support Files/Pods-KantoTest/Pods-KantoTest-frameworks.sh\"\n";
			showEnvVarsInLog = 0;
		};
		8C8D9E99B6C634B4FA427C62 /* [CP] Check Pods Manifest.lock */ = {
			isa = PBXShellScriptBuildPhase;
			buildActionMask = 2147483647;
			files = (
			);
			inputFileListPaths = (
			);
			inputPaths = (
				"${PODS_PODFILE_DIR_PATH}/Podfile.lock",
				"${PODS_ROOT}/Manifest.lock",
			);
			name = "[CP] Check Pods Manifest.lock";
			outputFileListPaths = (
			);
			outputPaths = (
				"$(DERIVED_FILE_DIR)/Pods-KantoTest-KantoTestUITests-checkManifestLockResult.txt",
			);
			runOnlyForDeploymentPostprocessing = 0;
			shellPath = /bin/sh;
			shellScript = "diff \"${PODS_PODFILE_DIR_PATH}/Podfile.lock\" \"${PODS_ROOT}/Manifest.lock\" > /dev/null\nif [ $? != 0 ] ; then\n    # print error to STDERR\n    echo \"error: The sandbox is not in sync with the Podfile.lock. Run 'pod install' or update your CocoaPods installation.\" >&2\n    exit 1\nfi\n# This output is used by Xcode 'outputs' to avoid re-running this script phase.\necho \"SUCCESS\" > \"${SCRIPT_OUTPUT_FILE_0}\"\n";
			showEnvVarsInLog = 0;
		};
		8DAF026EE32508C6FCAFC306 /* [CP] Check Pods Manifest.lock */ = {
			isa = PBXShellScriptBuildPhase;
			buildActionMask = 2147483647;
			files = (
			);
			inputFileListPaths = (
			);
			inputPaths = (
				"${PODS_PODFILE_DIR_PATH}/Podfile.lock",
				"${PODS_ROOT}/Manifest.lock",
			);
			name = "[CP] Check Pods Manifest.lock";
			outputFileListPaths = (
			);
			outputPaths = (
				"$(DERIVED_FILE_DIR)/Pods-KantoTest-checkManifestLockResult.txt",
			);
			runOnlyForDeploymentPostprocessing = 0;
			shellPath = /bin/sh;
			shellScript = "diff \"${PODS_PODFILE_DIR_PATH}/Podfile.lock\" \"${PODS_ROOT}/Manifest.lock\" > /dev/null\nif [ $? != 0 ] ; then\n    # print error to STDERR\n    echo \"error: The sandbox is not in sync with the Podfile.lock. Run 'pod install' or update your CocoaPods installation.\" >&2\n    exit 1\nfi\n# This output is used by Xcode 'outputs' to avoid re-running this script phase.\necho \"SUCCESS\" > \"${SCRIPT_OUTPUT_FILE_0}\"\n";
			showEnvVarsInLog = 0;
		};
		9716F34AD04CA20FCBE3E6D3 /* [CP] Embed Pods Frameworks */ = {
			isa = PBXShellScriptBuildPhase;
			buildActionMask = 2147483647;
			files = (
			);
			inputFileListPaths = (
				"${PODS_ROOT}/Target Support Files/Pods-KantoTest-KantoTestUITests/Pods-KantoTest-KantoTestUITests-frameworks-${CONFIGURATION}-input-files.xcfilelist",
			);
			name = "[CP] Embed Pods Frameworks";
			outputFileListPaths = (
				"${PODS_ROOT}/Target Support Files/Pods-KantoTest-KantoTestUITests/Pods-KantoTest-KantoTestUITests-frameworks-${CONFIGURATION}-output-files.xcfilelist",
			);
			runOnlyForDeploymentPostprocessing = 0;
			shellPath = /bin/sh;
			shellScript = "\"${PODS_ROOT}/Target Support Files/Pods-KantoTest-KantoTestUITests/Pods-KantoTest-KantoTestUITests-frameworks.sh\"\n";
			showEnvVarsInLog = 0;
		};
		A55C2235CFFCEDE9A3AF6AAF /* [CP] Check Pods Manifest.lock */ = {
			isa = PBXShellScriptBuildPhase;
			buildActionMask = 2147483647;
			files = (
			);
			inputFileListPaths = (
			);
			inputPaths = (
				"${PODS_PODFILE_DIR_PATH}/Podfile.lock",
				"${PODS_ROOT}/Manifest.lock",
			);
			name = "[CP] Check Pods Manifest.lock";
			outputFileListPaths = (
			);
			outputPaths = (
				"$(DERIVED_FILE_DIR)/Pods-KantoTestTests-checkManifestLockResult.txt",
			);
			runOnlyForDeploymentPostprocessing = 0;
			shellPath = /bin/sh;
			shellScript = "diff \"${PODS_PODFILE_DIR_PATH}/Podfile.lock\" \"${PODS_ROOT}/Manifest.lock\" > /dev/null\nif [ $? != 0 ] ; then\n    # print error to STDERR\n    echo \"error: The sandbox is not in sync with the Podfile.lock. Run 'pod install' or update your CocoaPods installation.\" >&2\n    exit 1\nfi\n# This output is used by Xcode 'outputs' to avoid re-running this script phase.\necho \"SUCCESS\" > \"${SCRIPT_OUTPUT_FILE_0}\"\n";
			showEnvVarsInLog = 0;
		};
/* End PBXShellScriptBuildPhase section */

/* Begin PBXSourcesBuildPhase section */
		8E8C4EE824F5EDB70043F36F /* Sources */ = {
			isa = PBXSourcesBuildPhase;
			buildActionMask = 2147483647;
			files = (
				8E4002C024F60DAC00AB7BD5 /* SplashViewController.swift in Sources */,
				8E4002CE24F618C900AB7BD5 /* SplashPresenterProtocol.swift in Sources */,
				8E730AB224F6FEB00051B88D /* ShowProfileTableViewControllerProtocol.swift in Sources */,
				8E730A9824F6D5130051B88D /* ShowProfileTableViewController.swift in Sources */,
				8E7D5EEB24F9970200BA1812 /* EditProfilePresenter.swift in Sources */,
				8E25147824F970E500584AEF /* PrincipalRepositoryProtocol.swift in Sources */,
				8E25147F24F972F800584AEF /* Constants.swift in Sources */,
				8EB6DB1124F73154008ADC2D /* ShowProfileHeaderView.swift in Sources */,
				8E730A9524F6CC6A0051B88D /* MainTabBarControllerProtocol.swift in Sources */,
				8E7D5EE924F996F700BA1812 /* EditProfilePresenterProtocol.swift in Sources */,
				8E25148224F98F5A00584AEF /* EditProfileViewController.swift in Sources */,
				8E8C4EF024F5EDB70043F36F /* AppDelegate.swift in Sources */,
				8E4002D024F618D400AB7BD5 /* SplashPresenter.swift in Sources */,
				8E730A9B24F6D6B10051B88D /* UIViewExtension.swift in Sources */,
				8E25147B24F9727A00584AEF /* UserDefaultsHandler.swift in Sources */,
				8E4002CC24F60FBB00AB7BD5 /* UIViewControllerExtension.swift in Sources */,
				8E4002C924F60F5900AB7BD5 /* Router.swift in Sources */,
				8E7D5EEF24F9A53900BA1812 /* UIImagePickerControllerExtension.swift in Sources */,
				8E4002DA24F63E6C00AB7BD5 /* MainPresenter.swift in Sources */,
				8E7D5EED24F9970E00BA1812 /* EditProfileViewControllerProtocol.swift in Sources */,
				8E730AAC24F6FB410051B88D /* UIImageViewExtension.swift in Sources */,
				8E4002C524F60ECF00AB7BD5 /* MainTabBarController.swift in Sources */,
				8E730AAE24F6FE800051B88D /* ShowProfilePresenterProtocol.swift in Sources */,
				8E4002D424F62CFB00AB7BD5 /* UIColorExtension.swift in Sources */,
				8E4002D224F618E300AB7BD5 /* SplashViewControllerProtocol.swift in Sources */,
				8E730AAA24F6EBE10051B88D /* Recording.swift in Sources */,
				8E730AA424F6D95B0051B88D /* ShowProfileRecordingTableViewCell.swift in Sources */,
				8E25147D24F9729300584AEF /* UserDefaultsHandlerProtocol.swift in Sources */,
				8E730AB024F6FE9F0051B88D /* ShowProfilePresenter.swift in Sources */,
				8E730AA824F6EB780051B88D /* User.swift in Sources */,
				8E4002D824F63E3D00AB7BD5 /* MainPresenterProtocol.swift in Sources */,
				8E4002D624F62D4600AB7BD5 /* StringExtension.swift in Sources */,
				8E8C4EFA24F5EDB70043F36F /* KantoTest.xcdatamodeld in Sources */,
				8E25147624F970D300584AEF /* PrincipalRepository.swift in Sources */,
			);
			runOnlyForDeploymentPostprocessing = 0;
		};
		8E8C4F0124F5EDBD0043F36F /* Sources */ = {
			isa = PBXSourcesBuildPhase;
			buildActionMask = 2147483647;
			files = (
				8E8C4F0A24F5EDBD0043F36F /* KantoTestTests.swift in Sources */,
			);
			runOnlyForDeploymentPostprocessing = 0;
		};
		8E8C4F0C24F5EDBD0043F36F /* Sources */ = {
			isa = PBXSourcesBuildPhase;
			buildActionMask = 2147483647;
			files = (
				8E8C4F1524F5EDBD0043F36F /* KantoTestUITests.swift in Sources */,
			);
			runOnlyForDeploymentPostprocessing = 0;
		};
/* End PBXSourcesBuildPhase section */

/* Begin PBXTargetDependency section */
		8E8C4F0724F5EDBD0043F36F /* PBXTargetDependency */ = {
			isa = PBXTargetDependency;
			target = 8E8C4EEB24F5EDB70043F36F /* KantoTest */;
			targetProxy = 8E8C4F0624F5EDBD0043F36F /* PBXContainerItemProxy */;
		};
		8E8C4F1224F5EDBD0043F36F /* PBXTargetDependency */ = {
			isa = PBXTargetDependency;
			target = 8E8C4EEB24F5EDB70043F36F /* KantoTest */;
			targetProxy = 8E8C4F1124F5EDBD0043F36F /* PBXContainerItemProxy */;
		};
/* End PBXTargetDependency section */

/* Begin PBXVariantGroup section */
		8E8C4EFD24F5EDBD0043F36F /* LaunchScreen.storyboard */ = {
			isa = PBXVariantGroup;
			children = (
				8E8C4EFE24F5EDBD0043F36F /* Base */,
			);
			name = LaunchScreen.storyboard;
			sourceTree = "<group>";
		};
/* End PBXVariantGroup section */

/* Begin XCBuildConfiguration section */
		8E8C4F1724F5EDBD0043F36F /* Debug */ = {
			isa = XCBuildConfiguration;
			buildSettings = {
				ALWAYS_SEARCH_USER_PATHS = NO;
				CLANG_ANALYZER_NONNULL = YES;
				CLANG_ANALYZER_NUMBER_OBJECT_CONVERSION = YES_AGGRESSIVE;
				CLANG_CXX_LANGUAGE_STANDARD = "gnu++14";
				CLANG_CXX_LIBRARY = "libc++";
				CLANG_ENABLE_MODULES = YES;
				CLANG_ENABLE_OBJC_ARC = YES;
				CLANG_ENABLE_OBJC_WEAK = YES;
				CLANG_WARN_BLOCK_CAPTURE_AUTORELEASING = YES;
				CLANG_WARN_BOOL_CONVERSION = YES;
				CLANG_WARN_COMMA = YES;
				CLANG_WARN_CONSTANT_CONVERSION = YES;
				CLANG_WARN_DEPRECATED_OBJC_IMPLEMENTATIONS = YES;
				CLANG_WARN_DIRECT_OBJC_ISA_USAGE = YES_ERROR;
				CLANG_WARN_DOCUMENTATION_COMMENTS = YES;
				CLANG_WARN_EMPTY_BODY = YES;
				CLANG_WARN_ENUM_CONVERSION = YES;
				CLANG_WARN_INFINITE_RECURSION = YES;
				CLANG_WARN_INT_CONVERSION = YES;
				CLANG_WARN_NON_LITERAL_NULL_CONVERSION = YES;
				CLANG_WARN_OBJC_IMPLICIT_RETAIN_SELF = YES;
				CLANG_WARN_OBJC_LITERAL_CONVERSION = YES;
				CLANG_WARN_OBJC_ROOT_CLASS = YES_ERROR;
				CLANG_WARN_RANGE_LOOP_ANALYSIS = YES;
				CLANG_WARN_STRICT_PROTOTYPES = YES;
				CLANG_WARN_SUSPICIOUS_MOVE = YES;
				CLANG_WARN_UNGUARDED_AVAILABILITY = YES_AGGRESSIVE;
				CLANG_WARN_UNREACHABLE_CODE = YES;
				CLANG_WARN__DUPLICATE_METHOD_MATCH = YES;
				COPY_PHASE_STRIP = NO;
				DEBUG_INFORMATION_FORMAT = dwarf;
				ENABLE_STRICT_OBJC_MSGSEND = YES;
				ENABLE_TESTABILITY = YES;
				GCC_C_LANGUAGE_STANDARD = gnu11;
				GCC_DYNAMIC_NO_PIC = NO;
				GCC_NO_COMMON_BLOCKS = YES;
				GCC_OPTIMIZATION_LEVEL = 0;
				GCC_PREPROCESSOR_DEFINITIONS = (
					"DEBUG=1",
					"$(inherited)",
				);
				GCC_WARN_64_TO_32_BIT_CONVERSION = YES;
				GCC_WARN_ABOUT_RETURN_TYPE = YES_ERROR;
				GCC_WARN_UNDECLARED_SELECTOR = YES;
				GCC_WARN_UNINITIALIZED_AUTOS = YES_AGGRESSIVE;
				GCC_WARN_UNUSED_FUNCTION = YES;
				GCC_WARN_UNUSED_VARIABLE = YES;
				IPHONEOS_DEPLOYMENT_TARGET = 13.6;
				MTL_ENABLE_DEBUG_INFO = INCLUDE_SOURCE;
				MTL_FAST_MATH = YES;
				ONLY_ACTIVE_ARCH = YES;
				SDKROOT = iphoneos;
				SWIFT_ACTIVE_COMPILATION_CONDITIONS = DEBUG;
				SWIFT_OPTIMIZATION_LEVEL = "-Onone";
			};
			name = Debug;
		};
		8E8C4F1824F5EDBD0043F36F /* Release */ = {
			isa = XCBuildConfiguration;
			buildSettings = {
				ALWAYS_SEARCH_USER_PATHS = NO;
				CLANG_ANALYZER_NONNULL = YES;
				CLANG_ANALYZER_NUMBER_OBJECT_CONVERSION = YES_AGGRESSIVE;
				CLANG_CXX_LANGUAGE_STANDARD = "gnu++14";
				CLANG_CXX_LIBRARY = "libc++";
				CLANG_ENABLE_MODULES = YES;
				CLANG_ENABLE_OBJC_ARC = YES;
				CLANG_ENABLE_OBJC_WEAK = YES;
				CLANG_WARN_BLOCK_CAPTURE_AUTORELEASING = YES;
				CLANG_WARN_BOOL_CONVERSION = YES;
				CLANG_WARN_COMMA = YES;
				CLANG_WARN_CONSTANT_CONVERSION = YES;
				CLANG_WARN_DEPRECATED_OBJC_IMPLEMENTATIONS = YES;
				CLANG_WARN_DIRECT_OBJC_ISA_USAGE = YES_ERROR;
				CLANG_WARN_DOCUMENTATION_COMMENTS = YES;
				CLANG_WARN_EMPTY_BODY = YES;
				CLANG_WARN_ENUM_CONVERSION = YES;
				CLANG_WARN_INFINITE_RECURSION = YES;
				CLANG_WARN_INT_CONVERSION = YES;
				CLANG_WARN_NON_LITERAL_NULL_CONVERSION = YES;
				CLANG_WARN_OBJC_IMPLICIT_RETAIN_SELF = YES;
				CLANG_WARN_OBJC_LITERAL_CONVERSION = YES;
				CLANG_WARN_OBJC_ROOT_CLASS = YES_ERROR;
				CLANG_WARN_RANGE_LOOP_ANALYSIS = YES;
				CLANG_WARN_STRICT_PROTOTYPES = YES;
				CLANG_WARN_SUSPICIOUS_MOVE = YES;
				CLANG_WARN_UNGUARDED_AVAILABILITY = YES_AGGRESSIVE;
				CLANG_WARN_UNREACHABLE_CODE = YES;
				CLANG_WARN__DUPLICATE_METHOD_MATCH = YES;
				COPY_PHASE_STRIP = NO;
				DEBUG_INFORMATION_FORMAT = "dwarf-with-dsym";
				ENABLE_NS_ASSERTIONS = NO;
				ENABLE_STRICT_OBJC_MSGSEND = YES;
				GCC_C_LANGUAGE_STANDARD = gnu11;
				GCC_NO_COMMON_BLOCKS = YES;
				GCC_WARN_64_TO_32_BIT_CONVERSION = YES;
				GCC_WARN_ABOUT_RETURN_TYPE = YES_ERROR;
				GCC_WARN_UNDECLARED_SELECTOR = YES;
				GCC_WARN_UNINITIALIZED_AUTOS = YES_AGGRESSIVE;
				GCC_WARN_UNUSED_FUNCTION = YES;
				GCC_WARN_UNUSED_VARIABLE = YES;
				IPHONEOS_DEPLOYMENT_TARGET = 13.6;
				MTL_ENABLE_DEBUG_INFO = NO;
				MTL_FAST_MATH = YES;
				SDKROOT = iphoneos;
				SWIFT_COMPILATION_MODE = wholemodule;
				SWIFT_OPTIMIZATION_LEVEL = "-O";
				VALIDATE_PRODUCT = YES;
			};
			name = Release;
		};
		8E8C4F1A24F5EDBD0043F36F /* Debug */ = {
			isa = XCBuildConfiguration;
			baseConfigurationReference = B78C4F59C1C3FE37AF5D631F /* Pods-KantoTest.debug.xcconfig */;
			buildSettings = {
				ASSETCATALOG_COMPILER_APPICON_NAME = AppIcon;
				CODE_SIGN_STYLE = Automatic;
				DEVELOPMENT_TEAM = TQ4Y5Q73BC;
				INFOPLIST_FILE = KantoTest/Main/Info.plist;
				IPHONEOS_DEPLOYMENT_TARGET = 11.0;
				LD_RUNPATH_SEARCH_PATHS = (
					"$(inherited)",
					"@executable_path/Frameworks",
				);
				MARKETING_VERSION = 1.0.0;
				PRODUCT_BUNDLE_IDENTIFIER = pe.hrool.KantoTest;
				PRODUCT_NAME = "$(TARGET_NAME)";
				SWIFT_VERSION = 5.0;
				TARGETED_DEVICE_FAMILY = "1,2";
			};
			name = Debug;
		};
		8E8C4F1B24F5EDBD0043F36F /* Release */ = {
			isa = XCBuildConfiguration;
			baseConfigurationReference = 6AC7617562628A1422950648 /* Pods-KantoTest.release.xcconfig */;
			buildSettings = {
				ASSETCATALOG_COMPILER_APPICON_NAME = AppIcon;
				CODE_SIGN_STYLE = Automatic;
				DEVELOPMENT_TEAM = TQ4Y5Q73BC;
				INFOPLIST_FILE = KantoTest/Main/Info.plist;
				IPHONEOS_DEPLOYMENT_TARGET = 11.0;
				LD_RUNPATH_SEARCH_PATHS = (
					"$(inherited)",
					"@executable_path/Frameworks",
				);
				MARKETING_VERSION = 1.0.0;
				PRODUCT_BUNDLE_IDENTIFIER = pe.hrool.KantoTest;
				PRODUCT_NAME = "$(TARGET_NAME)";
				SWIFT_VERSION = 5.0;
				TARGETED_DEVICE_FAMILY = "1,2";
			};
			name = Release;
		};
		8E8C4F1D24F5EDBD0043F36F /* Debug */ = {
			isa = XCBuildConfiguration;
			baseConfigurationReference = 8E5FCE644BF3CF622E8C2DC3 /* Pods-KantoTestTests.debug.xcconfig */;
			buildSettings = {
				ALWAYS_EMBED_SWIFT_STANDARD_LIBRARIES = YES;
				BUNDLE_LOADER = "$(TEST_HOST)";
				CODE_SIGN_STYLE = Automatic;
				DEVELOPMENT_TEAM = TQ4Y5Q73BC;
				INFOPLIST_FILE = KantoTestTests/Info.plist;
				IPHONEOS_DEPLOYMENT_TARGET = 13.6;
				LD_RUNPATH_SEARCH_PATHS = (
					"$(inherited)",
					"@executable_path/Frameworks",
					"@loader_path/Frameworks",
				);
				PRODUCT_BUNDLE_IDENTIFIER = pe.hrool.KantoTestTests;
				PRODUCT_NAME = "$(TARGET_NAME)";
				SWIFT_VERSION = 5.0;
				TARGETED_DEVICE_FAMILY = "1,2";
				TEST_HOST = "$(BUILT_PRODUCTS_DIR)/KantoTest.app/KantoTest";
			};
			name = Debug;
		};
		8E8C4F1E24F5EDBD0043F36F /* Release */ = {
			isa = XCBuildConfiguration;
			baseConfigurationReference = EDAC748C30F04E2F5D14ABD4 /* Pods-KantoTestTests.release.xcconfig */;
			buildSettings = {
				ALWAYS_EMBED_SWIFT_STANDARD_LIBRARIES = YES;
				BUNDLE_LOADER = "$(TEST_HOST)";
				CODE_SIGN_STYLE = Automatic;
				DEVELOPMENT_TEAM = TQ4Y5Q73BC;
				INFOPLIST_FILE = KantoTestTests/Info.plist;
				IPHONEOS_DEPLOYMENT_TARGET = 13.6;
				LD_RUNPATH_SEARCH_PATHS = (
					"$(inherited)",
					"@executable_path/Frameworks",
					"@loader_path/Frameworks",
				);
				PRODUCT_BUNDLE_IDENTIFIER = pe.hrool.KantoTestTests;
				PRODUCT_NAME = "$(TARGET_NAME)";
				SWIFT_VERSION = 5.0;
				TARGETED_DEVICE_FAMILY = "1,2";
				TEST_HOST = "$(BUILT_PRODUCTS_DIR)/KantoTest.app/KantoTest";
			};
			name = Release;
		};
		8E8C4F2024F5EDBD0043F36F /* Debug */ = {
			isa = XCBuildConfiguration;
			baseConfigurationReference = C59B9FEB2A25933D87B433E7 /* Pods-KantoTest-KantoTestUITests.debug.xcconfig */;
			buildSettings = {
				ALWAYS_EMBED_SWIFT_STANDARD_LIBRARIES = YES;
				CODE_SIGN_STYLE = Automatic;
				DEVELOPMENT_TEAM = TQ4Y5Q73BC;
				INFOPLIST_FILE = KantoTestUITests/Info.plist;
				LD_RUNPATH_SEARCH_PATHS = (
					"$(inherited)",
					"@executable_path/Frameworks",
					"@loader_path/Frameworks",
				);
				PRODUCT_BUNDLE_IDENTIFIER = pe.hrool.KantoTestUITests;
				PRODUCT_NAME = "$(TARGET_NAME)";
				SWIFT_VERSION = 5.0;
				TARGETED_DEVICE_FAMILY = "1,2";
				TEST_TARGET_NAME = KantoTest;
			};
			name = Debug;
		};
		8E8C4F2124F5EDBD0043F36F /* Release */ = {
			isa = XCBuildConfiguration;
			baseConfigurationReference = A901AEB19153403C85525122 /* Pods-KantoTest-KantoTestUITests.release.xcconfig */;
			buildSettings = {
				ALWAYS_EMBED_SWIFT_STANDARD_LIBRARIES = YES;
				CODE_SIGN_STYLE = Automatic;
				DEVELOPMENT_TEAM = TQ4Y5Q73BC;
				INFOPLIST_FILE = KantoTestUITests/Info.plist;
				LD_RUNPATH_SEARCH_PATHS = (
					"$(inherited)",
					"@executable_path/Frameworks",
					"@loader_path/Frameworks",
				);
				PRODUCT_BUNDLE_IDENTIFIER = pe.hrool.KantoTestUITests;
				PRODUCT_NAME = "$(TARGET_NAME)";
				SWIFT_VERSION = 5.0;
				TARGETED_DEVICE_FAMILY = "1,2";
				TEST_TARGET_NAME = KantoTest;
			};
			name = Release;
		};
/* End XCBuildConfiguration section */

/* Begin XCConfigurationList section */
		8E8C4EE724F5EDB70043F36F /* Build configuration list for PBXProject "KantoTest" */ = {
			isa = XCConfigurationList;
			buildConfigurations = (
				8E8C4F1724F5EDBD0043F36F /* Debug */,
				8E8C4F1824F5EDBD0043F36F /* Release */,
			);
			defaultConfigurationIsVisible = 0;
			defaultConfigurationName = Release;
		};
		8E8C4F1924F5EDBD0043F36F /* Build configuration list for PBXNativeTarget "KantoTest" */ = {
			isa = XCConfigurationList;
			buildConfigurations = (
				8E8C4F1A24F5EDBD0043F36F /* Debug */,
				8E8C4F1B24F5EDBD0043F36F /* Release */,
			);
			defaultConfigurationIsVisible = 0;
			defaultConfigurationName = Release;
		};
		8E8C4F1C24F5EDBD0043F36F /* Build configuration list for PBXNativeTarget "KantoTestTests" */ = {
			isa = XCConfigurationList;
			buildConfigurations = (
				8E8C4F1D24F5EDBD0043F36F /* Debug */,
				8E8C4F1E24F5EDBD0043F36F /* Release */,
			);
			defaultConfigurationIsVisible = 0;
			defaultConfigurationName = Release;
		};
		8E8C4F1F24F5EDBD0043F36F /* Build configuration list for PBXNativeTarget "KantoTestUITests" */ = {
			isa = XCConfigurationList;
			buildConfigurations = (
				8E8C4F2024F5EDBD0043F36F /* Debug */,
				8E8C4F2124F5EDBD0043F36F /* Release */,
			);
			defaultConfigurationIsVisible = 0;
			defaultConfigurationName = Release;
		};
/* End XCConfigurationList section */

/* Begin XCVersionGroup section */
		8E8C4EF824F5EDB70043F36F /* KantoTest.xcdatamodeld */ = {
			isa = XCVersionGroup;
			children = (
				8E8C4EF924F5EDB70043F36F /* KantoTest.xcdatamodel */,
			);
			currentVersion = 8E8C4EF924F5EDB70043F36F /* KantoTest.xcdatamodel */;
			path = KantoTest.xcdatamodeld;
			sourceTree = "<group>";
			versionGroupType = wrapper.xcdatamodel;
		};
/* End XCVersionGroup section */
	};
	rootObject = 8E8C4EE424F5EDB70043F36F /* Project object */;
}
